
Microsoft Visual Studio Solution File, Format Version 12.00
# Visual Studio Version 17
VisualStudioVersion = 17.8.34525.116
MinimumVisualStudioVersion = 10.0.40219.1
Project("{FAE04EC0-301F-11D3-BF4B-00C04F79EFBC}") = "Elbotonmovible", "Elbotonmovible\Elbotonmovible.csproj", "{45BF970C-2425-45D1-8D4F-0BE585A07463}"
EndProject
Global
	GlobalSection(SolutionConfigurationPlatforms) = preSolution
		Debug|Any CPU = Debug|Any CPU
		Release|Any CPU = Release|Any CPU
	EndGlobalSection
	GlobalSection(ProjectConfigurationPlatforms) = postSolution
		{45BF970C-2425-45D1-8D4F-0BE585A07463}.Debug|Any CPU.ActiveCfg = Debug|Any CPU
		{45BF970C-2425-45D1-8D4F-0BE585A07463}.Debug|Any CPU.Build.0 = Debug|Any CPU
		{45BF970C-2425-45D1-8D4F-0BE585A07463}.Release|Any CPU.ActiveCfg = Release|Any CPU
		{45BF970C-2425-45D1-8D4F-0BE585A07463}.Release|Any CPU.Build.0 = Release|Any CPU
	EndGlobalSection
	GlobalSection(SolutionProperties) = preSolution
		HideSolutionNode = FALSE
	EndGlobalSection
	GlobalSection(ExtensibilityGlobals) = postSolution
		SolutionGuid = {E4B467E4-9C33-49EE-972B-DB2FCE35DBF6}
	EndGlobalSection
EndGlobal
